// !$*UTF8*$!
{
	archiveVersion = 1;
	classes = {
	};
	objectVersion = 46;
	objects = {

/* Begin PBXBuildFile section */
		302174C81CFA13A700AD3134 /* Database.swift in Sources */ = {isa = PBXBuildFile; fileRef = 302174C71CFA13A700AD3134 /* Database.swift */; };
		302174CA1CFA2FF700AD3134 /* defaultImage.jpg in Resources */ = {isa = PBXBuildFile; fileRef = 302174C91CFA2FF700AD3134 /* defaultImage.jpg */; };
		303B8F501CFD279B00995E77 /* DefaultsTableViewController.swift in Sources */ = {isa = PBXBuildFile; fileRef = 303B8F4F1CFD279B00995E77 /* DefaultsTableViewController.swift */; };
		304094F71CF230C70054D4EF /* FriendsListTableViewController.swift in Sources */ = {isa = PBXBuildFile; fileRef = 304094F61CF230C70054D4EF /* FriendsListTableViewController.swift */; };
		304094F91CF236930054D4EF /* FriendTableViewCell.swift in Sources */ = {isa = PBXBuildFile; fileRef = 304094F81CF236930054D4EF /* FriendTableViewCell.swift */; };
		304094FB1CF244A40054D4EF /* SavedAlarmsTableViewController.swift in Sources */ = {isa = PBXBuildFile; fileRef = 304094FA1CF244A40054D4EF /* SavedAlarmsTableViewController.swift */; };
		304094FE1CF246F10054D4EF /* Model.xcdatamodeld in Sources */ = {isa = PBXBuildFile; fileRef = 304094FC1CF246F10054D4EF /* Model.xcdatamodeld */; };
		304095011CF247650054D4EF /* Alarm+CoreDataProperties.swift in Sources */ = {isa = PBXBuildFile; fileRef = 304094FF1CF247650054D4EF /* Alarm+CoreDataProperties.swift */; };
		304095021CF247650054D4EF /* Alarm.swift in Sources */ = {isa = PBXBuildFile; fileRef = 304095001CF247650054D4EF /* Alarm.swift */; };
		304095051CF247EC0054D4EF /* CoreDataTableViewController.swift in Sources */ = {isa = PBXBuildFile; fileRef = 304095041CF247EC0054D4EF /* CoreDataTableViewController.swift */; };
		304095151CF26F5E0054D4EF /* Alarm_Soothing_Piano.wav in Resources */ = {isa = PBXBuildFile; fileRef = 3040950D1CF26F5E0054D4EF /* Alarm_Soothing_Piano.wav */; };
		304095161CF26F5E0054D4EF /* Alarm_Obnoxious_Synth.wav in Resources */ = {isa = PBXBuildFile; fileRef = 3040950E1CF26F5E0054D4EF /* Alarm_Obnoxious_Synth.wav */; };
		304095171CF26F5E0054D4EF /* Alarm_Soothing_Guitar.wav in Resources */ = {isa = PBXBuildFile; fileRef = 3040950F1CF26F5E0054D4EF /* Alarm_Soothing_Guitar.wav */; };
		305DC3131CF4D4A500CE10A7 /* CreateNewAlarmViewController.swift in Sources */ = {isa = PBXBuildFile; fileRef = 305DC3121CF4D4A500CE10A7 /* CreateNewAlarmViewController.swift */; };
		305DC3151CF4D8B000CE10A7 /* WelcomeScreenViewController.swift in Sources */ = {isa = PBXBuildFile; fileRef = 305DC3141CF4D8B000CE10A7 /* WelcomeScreenViewController.swift */; };
		30B2CF8F1D03AED800A3D124 /* Colors.swift in Sources */ = {isa = PBXBuildFile; fileRef = 30B2CF8E1D03AED800A3D124 /* Colors.swift */; };
		30B2CF911D03D19600A3D124 /* logo180.png in Resources */ = {isa = PBXBuildFile; fileRef = 30B2CF901D03D19600A3D124 /* logo180.png */; };
		30DF3F441CE6789800910E9F /* AppDelegate.swift in Sources */ = {isa = PBXBuildFile; fileRef = 30DF3F431CE6789800910E9F /* AppDelegate.swift */; };
		30DF3F491CE6789800910E9F /* Main.storyboard in Resources */ = {isa = PBXBuildFile; fileRef = 30DF3F471CE6789800910E9F /* Main.storyboard */; };
		30DF3F4E1CE6789800910E9F /* Assets.xcassets in Resources */ = {isa = PBXBuildFile; fileRef = 30DF3F4D1CE6789800910E9F /* Assets.xcassets */; };
		30DF3F511CE6789800910E9F /* LaunchScreen.storyboard in Resources */ = {isa = PBXBuildFile; fileRef = 30DF3F4F1CE6789800910E9F /* LaunchScreen.storyboard */; };
		30DF3F5A1CE68A3D00910E9F /* SetAlarmController.swift in Sources */ = {isa = PBXBuildFile; fileRef = 30DF3F591CE68A3D00910E9F /* SetAlarmController.swift */; };
		30FE0D0E1CF76F65004213A0 /* GoogleService-Info.plist in Resources */ = {isa = PBXBuildFile; fileRef = 30FE0D0D1CF76F65004213A0 /* GoogleService-Info.plist */; };
		B307AD411CFADA88004852CD /* AlarmGoingOffViewController.swift in Sources */ = {isa = PBXBuildFile; fileRef = B307AD401CFADA88004852CD /* AlarmGoingOffViewController.swift */; };
		B307AD431CFB729B004852CD /* DefaultMessageViewController.swift in Sources */ = {isa = PBXBuildFile; fileRef = B307AD421CFB729B004852CD /* DefaultMessageViewController.swift */; };
		B307AD451CFEBD4B004852CD /* UserDefaults.swift in Sources */ = {isa = PBXBuildFile; fileRef = B307AD441CFEBD4B004852CD /* UserDefaults.swift */; };
		B307AD491D02AB4A004852CD /* AND_HIS_NAME_IS_JOHN_CENA.wav in Resources */ = {isa = PBXBuildFile; fileRef = B307AD481D02AB4A004852CD /* AND_HIS_NAME_IS_JOHN_CENA.wav */; };
		B38CBFE41CEE71DF0099899D /* Constants.swift in Sources */ = {isa = PBXBuildFile; fileRef = B38CBFE31CEE71DF0099899D /* Constants.swift */; };
		B3E0D7DC1CF282790071798A /* SetDefaultSoundTableViewController.swift in Sources */ = {isa = PBXBuildFile; fileRef = B3E0D7DB1CF282790071798A /* SetDefaultSoundTableViewController.swift */; };
		B3E0D7DE1CF2829C0071798A /* DefaultSoundTableViewCell.swift in Sources */ = {isa = PBXBuildFile; fileRef = B3E0D7DD1CF2829C0071798A /* DefaultSoundTableViewCell.swift */; };
		B3F03F321CFABE0F00B52980 /* Notifications.swift in Sources */ = {isa = PBXBuildFile; fileRef = B3F03F311CFABE0F00B52980 /* Notifications.swift */; };
/* End PBXBuildFile section */

/* Begin PBXFileReference section */
		302174C71CFA13A700AD3134 /* Database.swift */ = {isa = PBXFileReference; fileEncoding = 4; lastKnownFileType = sourcecode.swift; path = Database.swift; sourceTree = "<group>"; };
		302174C91CFA2FF700AD3134 /* defaultImage.jpg */ = {isa = PBXFileReference; lastKnownFileType = image.jpeg; path = defaultImage.jpg; sourceTree = "<group>"; };
		303B8F4F1CFD279B00995E77 /* DefaultsTableViewController.swift */ = {isa = PBXFileReference; fileEncoding = 4; lastKnownFileType = sourcecode.swift; path = DefaultsTableViewController.swift; sourceTree = "<group>"; };
		304094F61CF230C70054D4EF /* FriendsListTableViewController.swift */ = {isa = PBXFileReference; fileEncoding = 4; lastKnownFileType = sourcecode.swift; path = FriendsListTableViewController.swift; sourceTree = "<group>"; };
		304094F81CF236930054D4EF /* FriendTableViewCell.swift */ = {isa = PBXFileReference; fileEncoding = 4; lastKnownFileType = sourcecode.swift; path = FriendTableViewCell.swift; sourceTree = "<group>"; };
		304094FA1CF244A40054D4EF /* SavedAlarmsTableViewController.swift */ = {isa = PBXFileReference; fileEncoding = 4; lastKnownFileType = sourcecode.swift; path = SavedAlarmsTableViewController.swift; sourceTree = "<group>"; };
		304094FD1CF246F10054D4EF /* Model.xcdatamodel */ = {isa = PBXFileReference; lastKnownFileType = wrapper.xcdatamodel; path = Model.xcdatamodel; sourceTree = "<group>"; };
		304094FF1CF247650054D4EF /* Alarm+CoreDataProperties.swift */ = {isa = PBXFileReference; fileEncoding = 4; lastKnownFileType = sourcecode.swift; path = "Alarm+CoreDataProperties.swift"; sourceTree = "<group>"; };
		304095001CF247650054D4EF /* Alarm.swift */ = {isa = PBXFileReference; fileEncoding = 4; lastKnownFileType = sourcecode.swift; path = Alarm.swift; sourceTree = "<group>"; };
		304095041CF247EC0054D4EF /* CoreDataTableViewController.swift */ = {isa = PBXFileReference; fileEncoding = 4; lastKnownFileType = sourcecode.swift; path = CoreDataTableViewController.swift; sourceTree = "<group>"; };
		3040950D1CF26F5E0054D4EF /* Alarm_Soothing_Piano.wav */ = {isa = PBXFileReference; lastKnownFileType = audio.wav; path = Alarm_Soothing_Piano.wav; sourceTree = "<group>"; };
		3040950E1CF26F5E0054D4EF /* Alarm_Obnoxious_Synth.wav */ = {isa = PBXFileReference; lastKnownFileType = audio.wav; path = Alarm_Obnoxious_Synth.wav; sourceTree = "<group>"; };
		3040950F1CF26F5E0054D4EF /* Alarm_Soothing_Guitar.wav */ = {isa = PBXFileReference; lastKnownFileType = audio.wav; path = Alarm_Soothing_Guitar.wav; sourceTree = "<group>"; };
		305DC3121CF4D4A500CE10A7 /* CreateNewAlarmViewController.swift */ = {isa = PBXFileReference; fileEncoding = 4; lastKnownFileType = sourcecode.swift; path = CreateNewAlarmViewController.swift; sourceTree = "<group>"; };
		305DC3141CF4D8B000CE10A7 /* WelcomeScreenViewController.swift */ = {isa = PBXFileReference; fileEncoding = 4; lastKnownFileType = sourcecode.swift; path = WelcomeScreenViewController.swift; sourceTree = "<group>"; };
		30B2CF8E1D03AED800A3D124 /* Colors.swift */ = {isa = PBXFileReference; fileEncoding = 4; lastKnownFileType = sourcecode.swift; path = Colors.swift; sourceTree = "<group>"; };
		30B2CF901D03D19600A3D124 /* logo180.png */ = {isa = PBXFileReference; lastKnownFileType = image.png; path = logo180.png; sourceTree = "<group>"; };
		30DF3F401CE6789800910E9F /* AlarmCharm.app */ = {isa = PBXFileReference; explicitFileType = wrapper.application; includeInIndex = 0; path = AlarmCharm.app; sourceTree = BUILT_PRODUCTS_DIR; };
		30DF3F431CE6789800910E9F /* AppDelegate.swift */ = {isa = PBXFileReference; lastKnownFileType = sourcecode.swift; path = AppDelegate.swift; sourceTree = "<group>"; };
		30DF3F481CE6789800910E9F /* Base */ = {isa = PBXFileReference; lastKnownFileType = file.storyboard; name = Base; path = Base.lproj/Main.storyboard; sourceTree = "<group>"; };
		30DF3F4D1CE6789800910E9F /* Assets.xcassets */ = {isa = PBXFileReference; lastKnownFileType = folder.assetcatalog; path = Assets.xcassets; sourceTree = "<group>"; };
		30DF3F501CE6789800910E9F /* Base */ = {isa = PBXFileReference; lastKnownFileType = file.storyboard; name = Base; path = Base.lproj/LaunchScreen.storyboard; sourceTree = "<group>"; };
		30DF3F521CE6789800910E9F /* Info.plist */ = {isa = PBXFileReference; lastKnownFileType = text.plist.xml; path = Info.plist; sourceTree = "<group>"; };
		30DF3F591CE68A3D00910E9F /* SetAlarmController.swift */ = {isa = PBXFileReference; fileEncoding = 4; lastKnownFileType = sourcecode.swift; path = SetAlarmController.swift; sourceTree = "<group>"; };
		30FE0D0D1CF76F65004213A0 /* GoogleService-Info.plist */ = {isa = PBXFileReference; fileEncoding = 4; lastKnownFileType = text.plist.xml; path = "GoogleService-Info.plist"; sourceTree = "<group>"; };
		6EFEE08CBEAC32D1476FFEBD /* Pods-AlarmCharm.release.xcconfig */ = {isa = PBXFileReference; includeInIndex = 1; lastKnownFileType = text.xcconfig; name = "Pods-AlarmCharm.release.xcconfig"; path = "Pods/Target Support Files/Pods-AlarmCharm/Pods-AlarmCharm.release.xcconfig"; sourceTree = "<group>"; };
		7102B7B16C6A0DBDF18D17E8 /* Pods-AlarmCharm.debug.xcconfig */ = {isa = PBXFileReference; includeInIndex = 1; lastKnownFileType = text.xcconfig; name = "Pods-AlarmCharm.debug.xcconfig"; path = "Pods/Target Support Files/Pods-AlarmCharm/Pods-AlarmCharm.debug.xcconfig"; sourceTree = "<group>"; };
		B307AD401CFADA88004852CD /* AlarmGoingOffViewController.swift */ = {isa = PBXFileReference; fileEncoding = 4; lastKnownFileType = sourcecode.swift; path = AlarmGoingOffViewController.swift; sourceTree = "<group>"; };
		B307AD421CFB729B004852CD /* DefaultMessageViewController.swift */ = {isa = PBXFileReference; fileEncoding = 4; lastKnownFileType = sourcecode.swift; path = DefaultMessageViewController.swift; sourceTree = "<group>"; };
		B307AD441CFEBD4B004852CD /* UserDefaults.swift */ = {isa = PBXFileReference; fileEncoding = 4; lastKnownFileType = sourcecode.swift; path = UserDefaults.swift; sourceTree = "<group>"; };
		B307AD481D02AB4A004852CD /* AND_HIS_NAME_IS_JOHN_CENA.wav */ = {isa = PBXFileReference; lastKnownFileType = audio.wav; path = AND_HIS_NAME_IS_JOHN_CENA.wav; sourceTree = "<group>"; };
		B38CBFE31CEE71DF0099899D /* Constants.swift */ = {isa = PBXFileReference; fileEncoding = 4; lastKnownFileType = sourcecode.swift; path = Constants.swift; sourceTree = "<group>"; };
		B3E0D7DB1CF282790071798A /* SetDefaultSoundTableViewController.swift */ = {isa = PBXFileReference; fileEncoding = 4; lastKnownFileType = sourcecode.swift; path = SetDefaultSoundTableViewController.swift; sourceTree = "<group>"; };
		B3E0D7DD1CF2829C0071798A /* DefaultSoundTableViewCell.swift */ = {isa = PBXFileReference; fileEncoding = 4; lastKnownFileType = sourcecode.swift; path = DefaultSoundTableViewCell.swift; sourceTree = "<group>"; };
		B3F03F311CFABE0F00B52980 /* Notifications.swift */ = {isa = PBXFileReference; fileEncoding = 4; lastKnownFileType = sourcecode.swift; path = Notifications.swift; sourceTree = "<group>"; };
/* End PBXFileReference section */

/* Begin PBXFrameworksBuildPhase section */
		30DF3F3D1CE6789800910E9F /* Frameworks */ = {
			isa = PBXFrameworksBuildPhase;
			buildActionMask = 2147483647;
			files = (
			);
			runOnlyForDeploymentPostprocessing = 0;
		};
/* End PBXFrameworksBuildPhase section */

/* Begin PBXGroup section */
		304095031CF247860054D4EF /* CoreData */ = {
			isa = PBXGroup;
			children = (
				304094FF1CF247650054D4EF /* Alarm+CoreDataProperties.swift */,
				304095001CF247650054D4EF /* Alarm.swift */,
				304094FC1CF246F10054D4EF /* Model.xcdatamodeld */,
			);
			name = CoreData;
			sourceTree = "<group>";
		};
		304095181CF26F650054D4EF /* Media Files */ = {
			isa = PBXGroup;
			children = (
				304095191CF26F780054D4EF /* Icons */,
				3040951A1CF26F810054D4EF /* Ringtones */,
			);
			name = "Media Files";
			sourceTree = "<group>";
		};
		304095191CF26F780054D4EF /* Icons */ = {
			isa = PBXGroup;
			children = (
				30B2CF901D03D19600A3D124 /* logo180.png */,
				302174C91CFA2FF700AD3134 /* defaultImage.jpg */,
			);
			name = Icons;
			sourceTree = "<group>";
		};
		3040951A1CF26F810054D4EF /* Ringtones */ = {
			isa = PBXGroup;
			children = (
				B307AD481D02AB4A004852CD /* AND_HIS_NAME_IS_JOHN_CENA.wav */,
				3040950D1CF26F5E0054D4EF /* Alarm_Soothing_Piano.wav */,
				3040950E1CF26F5E0054D4EF /* Alarm_Obnoxious_Synth.wav */,
				3040950F1CF26F5E0054D4EF /* Alarm_Soothing_Guitar.wav */,
			);
			name = Ringtones;
			sourceTree = "<group>";
		};
		30DF3F371CE6789800910E9F = {
			isa = PBXGroup;
			children = (
				30DF3F421CE6789800910E9F /* AlarmCharm */,
				30DF3F411CE6789800910E9F /* Products */,
				9378359B80A8AB21CC45182E /* Pods */,
				70E5DA3775DE172BC54648C7 /* Frameworks */,
			);
			sourceTree = "<group>";
		};
		30DF3F411CE6789800910E9F /* Products */ = {
			isa = PBXGroup;
			children = (
				30DF3F401CE6789800910E9F /* AlarmCharm.app */,
			);
			name = Products;
			sourceTree = "<group>";
		};
		30DF3F421CE6789800910E9F /* AlarmCharm */ = {
			isa = PBXGroup;
			children = (
				303B8F4F1CFD279B00995E77 /* DefaultsTableViewController.swift */,
				30B2CF8E1D03AED800A3D124 /* Colors.swift */,
				304095181CF26F650054D4EF /* Media Files */,
				30DF3F581CE6870500910E9F /* Supporting Files */,
				304095031CF247860054D4EF /* CoreData */,
				305DC3141CF4D8B000CE10A7 /* WelcomeScreenViewController.swift */,
				B307AD441CFEBD4B004852CD /* UserDefaults.swift */,
				B3F03F311CFABE0F00B52980 /* Notifications.swift */,
				305DC3121CF4D4A500CE10A7 /* CreateNewAlarmViewController.swift */,
				304094FA1CF244A40054D4EF /* SavedAlarmsTableViewController.swift */,
				304094F81CF236930054D4EF /* FriendTableViewCell.swift */,
				30DF3F471CE6789800910E9F /* Main.storyboard */,
				B307AD421CFB729B004852CD /* DefaultMessageViewController.swift */,
				302174C71CFA13A700AD3134 /* Database.swift */,
				304094F61CF230C70054D4EF /* FriendsListTableViewController.swift */,
				30DF3F591CE68A3D00910E9F /* SetAlarmController.swift */,
				304095041CF247EC0054D4EF /* CoreDataTableViewController.swift */,
				B38CBFE31CEE71DF0099899D /* Constants.swift */,
				B3E0D7DB1CF282790071798A /* SetDefaultSoundTableViewController.swift */,
				B3E0D7DD1CF2829C0071798A /* DefaultSoundTableViewCell.swift */,
				B307AD401CFADA88004852CD /* AlarmGoingOffViewController.swift */,
				30FE0D0D1CF76F65004213A0 /* GoogleService-Info.plist */,
			);
			path = AlarmCharm;
			sourceTree = "<group>";
		};
		30DF3F581CE6870500910E9F /* Supporting Files */ = {
			isa = PBXGroup;
			children = (
				30DF3F431CE6789800910E9F /* AppDelegate.swift */,
				30DF3F4D1CE6789800910E9F /* Assets.xcassets */,
				30DF3F4F1CE6789800910E9F /* LaunchScreen.storyboard */,
				30DF3F521CE6789800910E9F /* Info.plist */,
			);
			name = "Supporting Files";
			sourceTree = "<group>";
		};
		70E5DA3775DE172BC54648C7 /* Frameworks */ = {
			isa = PBXGroup;
			children = (
			);
			name = Frameworks;
			sourceTree = "<group>";
		};
		9378359B80A8AB21CC45182E /* Pods */ = {
			isa = PBXGroup;
			children = (
				7102B7B16C6A0DBDF18D17E8 /* Pods-AlarmCharm.debug.xcconfig */,
				6EFEE08CBEAC32D1476FFEBD /* Pods-AlarmCharm.release.xcconfig */,
			);
			name = Pods;
			sourceTree = "<group>";
		};
/* End PBXGroup section */

/* Begin PBXNativeTarget section */
		30DF3F3F1CE6789800910E9F /* AlarmCharm */ = {
			isa = PBXNativeTarget;
			buildConfigurationList = 30DF3F551CE6789800910E9F /* Build configuration list for PBXNativeTarget "AlarmCharm" */;
			buildPhases = (
				D24891C47D413E26C176FB52 /* 📦 Check Pods Manifest.lock */,
				30DF3F3C1CE6789800910E9F /* Sources */,
				30DF3F3D1CE6789800910E9F /* Frameworks */,
				30DF3F3E1CE6789800910E9F /* Resources */,
				BFCFFE14282053A5AD8742FD /* 📦 Embed Pods Frameworks */,
				657A4CF7746A10FDDF97C244 /* 📦 Copy Pods Resources */,
			);
			buildRules = (
			);
			dependencies = (
			);
			name = AlarmCharm;
			productName = AlarmCharm;
			productReference = 30DF3F401CE6789800910E9F /* AlarmCharm.app */;
			productType = "com.apple.product-type.application";
		};
/* End PBXNativeTarget section */

/* Begin PBXProject section */
		30DF3F381CE6789800910E9F /* Project object */ = {
			isa = PBXProject;
			attributes = {
				LastSwiftUpdateCheck = 0730;
				LastUpgradeCheck = 0730;
				ORGANIZATIONNAME = "Laura Brouckman";
				TargetAttributes = {
					30DF3F3F1CE6789800910E9F = {
						CreatedOnToolsVersion = 7.3;
						DevelopmentTeam = 755GJW67BJ;
						SystemCapabilities = {
							com.apple.BackgroundModes = {
								enabled = 1;
							};
						};
					};
				};
			};
			buildConfigurationList = 30DF3F3B1CE6789800910E9F /* Build configuration list for PBXProject "AlarmCharm" */;
			compatibilityVersion = "Xcode 3.2";
			developmentRegion = English;
			hasScannedForEncodings = 0;
			knownRegions = (
				en,
				Base,
			);
			mainGroup = 30DF3F371CE6789800910E9F;
			productRefGroup = 30DF3F411CE6789800910E9F /* Products */;
			projectDirPath = "";
			projectRoot = "";
			targets = (
				30DF3F3F1CE6789800910E9F /* AlarmCharm */,
			);
		};
/* End PBXProject section */

/* Begin PBXResourcesBuildPhase section */
		30DF3F3E1CE6789800910E9F /* Resources */ = {
			isa = PBXResourcesBuildPhase;
			buildActionMask = 2147483647;
			files = (
				304095171CF26F5E0054D4EF /* Alarm_Soothing_Guitar.wav in Resources */,
				30DF3F511CE6789800910E9F /* LaunchScreen.storyboard in Resources */,
				30DF3F4E1CE6789800910E9F /* Assets.xcassets in Resources */,
				304095151CF26F5E0054D4EF /* Alarm_Soothing_Piano.wav in Resources */,
				304095161CF26F5E0054D4EF /* Alarm_Obnoxious_Synth.wav in Resources */,
				30DF3F491CE6789800910E9F /* Main.storyboard in Resources */,
				30B2CF911D03D19600A3D124 /* logo180.png in Resources */,
				B307AD491D02AB4A004852CD /* AND_HIS_NAME_IS_JOHN_CENA.wav in Resources */,
				30FE0D0E1CF76F65004213A0 /* GoogleService-Info.plist in Resources */,
				302174CA1CFA2FF700AD3134 /* defaultImage.jpg in Resources */,
			);
			runOnlyForDeploymentPostprocessing = 0;
		};
/* End PBXResourcesBuildPhase section */

/* Begin PBXShellScriptBuildPhase section */
		657A4CF7746A10FDDF97C244 /* 📦 Copy Pods Resources */ = {
			isa = PBXShellScriptBuildPhase;
			buildActionMask = 2147483647;
			files = (
			);
			inputPaths = (
			);
			name = "📦 Copy Pods Resources";
			outputPaths = (
			);
			runOnlyForDeploymentPostprocessing = 0;
			shellPath = /bin/sh;
			shellScript = "\"${SRCROOT}/Pods/Target Support Files/Pods-AlarmCharm/Pods-AlarmCharm-resources.sh\"\n";
			showEnvVarsInLog = 0;
		};
		BFCFFE14282053A5AD8742FD /* 📦 Embed Pods Frameworks */ = {
			isa = PBXShellScriptBuildPhase;
			buildActionMask = 2147483647;
			files = (
			);
			inputPaths = (
			);
			name = "📦 Embed Pods Frameworks";
			outputPaths = (
			);
			runOnlyForDeploymentPostprocessing = 0;
			shellPath = /bin/sh;
			shellScript = "\"${SRCROOT}/Pods/Target Support Files/Pods-AlarmCharm/Pods-AlarmCharm-frameworks.sh\"\n";
			showEnvVarsInLog = 0;
		};
		D24891C47D413E26C176FB52 /* 📦 Check Pods Manifest.lock */ = {
			isa = PBXShellScriptBuildPhase;
			buildActionMask = 2147483647;
			files = (
			);
			inputPaths = (
			);
			name = "📦 Check Pods Manifest.lock";
			outputPaths = (
			);
			runOnlyForDeploymentPostprocessing = 0;
			shellPath = /bin/sh;
			shellScript = "diff \"${PODS_ROOT}/../Podfile.lock\" \"${PODS_ROOT}/Manifest.lock\" > /dev/null\nif [[ $? != 0 ]] ; then\n    cat << EOM\nerror: The sandbox is not in sync with the Podfile.lock. Run 'pod install' or update your CocoaPods installation.\nEOM\n    exit 1\nfi\n";
			showEnvVarsInLog = 0;
		};
/* End PBXShellScriptBuildPhase section */

/* Begin PBXSourcesBuildPhase section */
		30DF3F3C1CE6789800910E9F /* Sources */ = {
			isa = PBXSourcesBuildPhase;
			buildActionMask = 2147483647;
			files = (
				B3E0D7DC1CF282790071798A /* SetDefaultSoundTableViewController.swift in Sources */,
				30B2CF8F1D03AED800A3D124 /* Colors.swift in Sources */,
				30DF3F441CE6789800910E9F /* AppDelegate.swift in Sources */,
				305DC3131CF4D4A500CE10A7 /* CreateNewAlarmViewController.swift in Sources */,
				302174C81CFA13A700AD3134 /* Database.swift in Sources */,
				B3E0D7DE1CF2829C0071798A /* DefaultSoundTableViewCell.swift in Sources */,
				304094F71CF230C70054D4EF /* FriendsListTableViewController.swift in Sources */,
				305DC3151CF4D8B000CE10A7 /* WelcomeScreenViewController.swift in Sources */,
				304094FE1CF246F10054D4EF /* Model.xcdatamodeld in Sources */,
				B3F03F321CFABE0F00B52980 /* Notifications.swift in Sources */,
				304094F91CF236930054D4EF /* FriendTableViewCell.swift in Sources */,
				B307AD431CFB729B004852CD /* DefaultMessageViewController.swift in Sources */,
				304095011CF247650054D4EF /* Alarm+CoreDataProperties.swift in Sources */,
				30DF3F5A1CE68A3D00910E9F /* SetAlarmController.swift in Sources */,
				303B8F501CFD279B00995E77 /* DefaultsTableViewController.swift in Sources */,
				304095021CF247650054D4EF /* Alarm.swift in Sources */,
				304094FB1CF244A40054D4EF /* SavedAlarmsTableViewController.swift in Sources */,
				B307AD451CFEBD4B004852CD /* UserDefaults.swift in Sources */,
				B307AD411CFADA88004852CD /* AlarmGoingOffViewController.swift in Sources */,
				B38CBFE41CEE71DF0099899D /* Constants.swift in Sources */,
				304095051CF247EC0054D4EF /* CoreDataTableViewController.swift in Sources */,
			);
			runOnlyForDeploymentPostprocessing = 0;
		};
/* End PBXSourcesBuildPhase section */

/* Begin PBXVariantGroup section */
		30DF3F471CE6789800910E9F /* Main.storyboard */ = {
			isa = PBXVariantGroup;
			children = (
				30DF3F481CE6789800910E9F /* Base */,
			);
			name = Main.storyboard;
			sourceTree = "<group>";
		};
		30DF3F4F1CE6789800910E9F /* LaunchScreen.storyboard */ = {
			isa = PBXVariantGroup;
			children = (
				30DF3F501CE6789800910E9F /* Base */,
			);
			name = LaunchScreen.storyboard;
			sourceTree = "<group>";
		};
/* End PBXVariantGroup section */

/* Begin XCBuildConfiguration section */
		30DF3F531CE6789800910E9F /* Debug */ = {
			isa = XCBuildConfiguration;
			buildSettings = {
				ALWAYS_SEARCH_USER_PATHS = NO;
				CLANG_ANALYZER_NONNULL = YES;
				CLANG_CXX_LANGUAGE_STANDARD = "gnu++0x";
				CLANG_CXX_LIBRARY = "libc++";
				CLANG_ENABLE_MODULES = YES;
				CLANG_ENABLE_OBJC_ARC = YES;
				CLANG_WARN_BOOL_CONVERSION = YES;
				CLANG_WARN_CONSTANT_CONVERSION = YES;
				CLANG_WARN_DIRECT_OBJC_ISA_USAGE = YES_ERROR;
				CLANG_WARN_EMPTY_BODY = YES;
				CLANG_WARN_ENUM_CONVERSION = YES;
				CLANG_WARN_INT_CONVERSION = YES;
				CLANG_WARN_OBJC_ROOT_CLASS = YES_ERROR;
				CLANG_WARN_UNREACHABLE_CODE = YES;
				CLANG_WARN__DUPLICATE_METHOD_MATCH = YES;
				"CODE_SIGN_IDENTITY[sdk=iphoneos*]" = "iPhone Developer";
				COPY_PHASE_STRIP = NO;
				DEBUG_INFORMATION_FORMAT = dwarf;
				ENABLE_STRICT_OBJC_MSGSEND = YES;
				ENABLE_TESTABILITY = YES;
				GCC_C_LANGUAGE_STANDARD = gnu99;
				GCC_DYNAMIC_NO_PIC = NO;
				GCC_NO_COMMON_BLOCKS = YES;
				GCC_OPTIMIZATION_LEVEL = 0;
				GCC_PREPROCESSOR_DEFINITIONS = (
					"DEBUG=1",
					"$(inherited)",
				);
				GCC_WARN_64_TO_32_BIT_CONVERSION = YES;
				GCC_WARN_ABOUT_RETURN_TYPE = YES_ERROR;
				GCC_WARN_UNDECLARED_SELECTOR = YES;
				GCC_WARN_UNINITIALIZED_AUTOS = YES_AGGRESSIVE;
				GCC_WARN_UNUSED_FUNCTION = YES;
				GCC_WARN_UNUSED_VARIABLE = YES;
				IPHONEOS_DEPLOYMENT_TARGET = 9.3;
				MTL_ENABLE_DEBUG_INFO = YES;
				ONLY_ACTIVE_ARCH = YES;
				SDKROOT = iphoneos;
				SWIFT_OPTIMIZATION_LEVEL = "-Onone";
				TARGETED_DEVICE_FAMILY = "1,2";
			};
			name = Debug;
		};
		30DF3F541CE6789800910E9F /* Release */ = {
			isa = XCBuildConfiguration;
			buildSettings = {
				ALWAYS_SEARCH_USER_PATHS = NO;
				CLANG_ANALYZER_NONNULL = YES;
				CLANG_CXX_LANGUAGE_STANDARD = "gnu++0x";
				CLANG_CXX_LIBRARY = "libc++";
				CLANG_ENABLE_MODULES = YES;
				CLANG_ENABLE_OBJC_ARC = YES;
				CLANG_WARN_BOOL_CONVERSION = YES;
				CLANG_WARN_CONSTANT_CONVERSION = YES;
				CLANG_WARN_DIRECT_OBJC_ISA_USAGE = YES_ERROR;
				CLANG_WARN_EMPTY_BODY = YES;
				CLANG_WARN_ENUM_CONVERSION = YES;
				CLANG_WARN_INT_CONVERSION = YES;
				CLANG_WARN_OBJC_ROOT_CLASS = YES_ERROR;
				CLANG_WARN_UNREACHABLE_CODE = YES;
				CLANG_WARN__DUPLICATE_METHOD_MATCH = YES;
				"CODE_SIGN_IDENTITY[sdk=iphoneos*]" = "iPhone Developer";
				COPY_PHASE_STRIP = NO;
				DEBUG_INFORMATION_FORMAT = "dwarf-with-dsym";
				ENABLE_NS_ASSERTIONS = NO;
				ENABLE_STRICT_OBJC_MSGSEND = YES;
				GCC_C_LANGUAGE_STANDARD = gnu99;
				GCC_NO_COMMON_BLOCKS = YES;
				GCC_WARN_64_TO_32_BIT_CONVERSION = YES;
				GCC_WARN_ABOUT_RETURN_TYPE = YES_ERROR;
				GCC_WARN_UNDECLARED_SELECTOR = YES;
				GCC_WARN_UNINITIALIZED_AUTOS = YES_AGGRESSIVE;
				GCC_WARN_UNUSED_FUNCTION = YES;
				GCC_WARN_UNUSED_VARIABLE = YES;
				IPHONEOS_DEPLOYMENT_TARGET = 9.3;
				MTL_ENABLE_DEBUG_INFO = NO;
				SDKROOT = iphoneos;
				TARGETED_DEVICE_FAMILY = "1,2";
				VALIDATE_PRODUCT = YES;
			};
			name = Release;
		};
		30DF3F561CE6789800910E9F /* Debug */ = {
			isa = XCBuildConfiguration;
			baseConfigurationReference = 7102B7B16C6A0DBDF18D17E8 /* Pods-AlarmCharm.debug.xcconfig */;
			buildSettings = {
				ASSETCATALOG_COMPILER_APPICON_NAME = AppIcon;
				CODE_SIGN_IDENTITY = "iPhone Developer";
				"CODE_SIGN_IDENTITY[sdk=iphoneos*]" = "iPhone Developer";
				INFOPLIST_FILE = AlarmCharm/Info.plist;
				LD_RUNPATH_SEARCH_PATHS = "$(inherited) @executable_path/Frameworks";
				PRODUCT_BUNDLE_IDENTIFIER = edu.stanford.lbrouckm.AlarmCharm;
				PRODUCT_NAME = "$(TARGET_NAME)";
				PROVISIONING_PROFILE = "";
			};
			name = Debug;
		};
		30DF3F571CE6789800910E9F /* Release */ = {
			isa = XCBuildConfiguration;
			baseConfigurationReference = 6EFEE08CBEAC32D1476FFEBD /* Pods-AlarmCharm.release.xcconfig */;
			buildSettings = {
				ASSETCATALOG_COMPILER_APPICON_NAME = AppIcon;
				CODE_SIGN_IDENTITY = "iPhone Developer";
				"CODE_SIGN_IDENTITY[sdk=iphoneos*]" = "iPhone Developer";
				INFOPLIST_FILE = AlarmCharm/Info.plist;
				LD_RUNPATH_SEARCH_PATHS = "$(inherited) @executable_path/Frameworks";
				PRODUCT_BUNDLE_IDENTIFIER = edu.stanford.lbrouckm.AlarmCharm;
				PRODUCT_NAME = "$(TARGET_NAME)";
				PROVISIONING_PROFILE = "";
			};
			name = Release;
		};
/* End XCBuildConfiguration section */

/* Begin XCConfigurationList section */
		30DF3F3B1CE6789800910E9F /* Build configuration list for PBXProject "AlarmCharm" */ = {
			isa = XCConfigurationList;
			buildConfigurations = (
				30DF3F531CE6789800910E9F /* Debug */,
				30DF3F541CE6789800910E9F /* Release */,
			);
			defaultConfigurationIsVisible = 0;
			defaultConfigurationName = Release;
		};
		30DF3F551CE6789800910E9F /* Build configuration list for PBXNativeTarget "AlarmCharm" */ = {
			isa = XCConfigurationList;
			buildConfigurations = (
				30DF3F561CE6789800910E9F /* Debug */,
				30DF3F571CE6789800910E9F /* Release */,
			);
			defaultConfigurationIsVisible = 0;
			defaultConfigurationName = Release;
		};
/* End XCConfigurationList section */

/* Begin XCVersionGroup section */
		304094FC1CF246F10054D4EF /* Model.xcdatamodeld */ = {
			isa = XCVersionGroup;
			children = (
				304094FD1CF246F10054D4EF /* Model.xcdatamodel */,
			);
			currentVersion = 304094FD1CF246F10054D4EF /* Model.xcdatamodel */;
			path = Model.xcdatamodeld;
			sourceTree = "<group>";
			versionGroupType = wrapper.xcdatamodel;
		};
/* End XCVersionGroup section */
	};
	rootObject = 30DF3F381CE6789800910E9F /* Project object */;
}
