<?xml version="1.0" encoding="UTF-8"?>
<!DOCTYPE plist PUBLIC "-//Apple//DTD PLIST 1.0//EN" "http://www.apple.com/DTDs/PropertyList-1.0.dtd">
<plist version="1.0">
<dict>
	<key>archiveVersion</key>
	<string>1</string>
	<key>classes</key>
	<dict/>
	<key>objectVersion</key>
	<string>46</string>
	<key>objects</key>
	<dict>
		<key>302174C71CFA13A700AD3134</key>
		<dict>
			<key>fileEncoding</key>
			<string>4</string>
			<key>isa</key>
			<string>PBXFileReference</string>
			<key>lastKnownFileType</key>
			<string>sourcecode.swift</string>
			<key>path</key>
			<string>Database.swift</string>
			<key>sourceTree</key>
			<string>&lt;group&gt;</string>
		</dict>
		<key>302174C91CFA2FF700AD3134</key>
		<dict>
			<key>isa</key>
			<string>PBXFileReference</string>
			<key>lastKnownFileType</key>
			<string>image.jpeg</string>
			<key>path</key>
			<string>defaultImage.jpg</string>
			<key>sourceTree</key>
			<string>&lt;group&gt;</string>
		</dict>
		<key>302174CA1CFA2FF700AD3134</key>
		<dict>
			<key>fileRef</key>
			<string>302174C91CFA2FF700AD3134</string>
			<key>isa</key>
			<string>PBXBuildFile</string>
		</dict>
		<key>303B8F4F1CFD279B00995E77</key>
		<dict>
			<key>fileEncoding</key>
			<string>4</string>
			<key>isa</key>
			<string>PBXFileReference</string>
			<key>lastKnownFileType</key>
			<string>sourcecode.swift</string>
			<key>path</key>
			<string>DefaultsTableViewController.swift</string>
			<key>sourceTree</key>
			<string>&lt;group&gt;</string>
		</dict>
		<key>303B8F501CFD279B00995E77</key>
		<dict>
			<key>fileRef</key>
			<string>303B8F4F1CFD279B00995E77</string>
			<key>isa</key>
			<string>PBXBuildFile</string>
		</dict>
		<key>304094F61CF230C70054D4EF</key>
		<dict>
			<key>fileEncoding</key>
			<string>4</string>
			<key>isa</key>
			<string>PBXFileReference</string>
			<key>lastKnownFileType</key>
			<string>sourcecode.swift</string>
			<key>path</key>
			<string>FriendsListTableViewController.swift</string>
			<key>sourceTree</key>
			<string>&lt;group&gt;</string>
		</dict>
		<key>304094F81CF236930054D4EF</key>
		<dict>
			<key>fileEncoding</key>
			<string>4</string>
			<key>isa</key>
			<string>PBXFileReference</string>
			<key>lastKnownFileType</key>
			<string>sourcecode.swift</string>
			<key>path</key>
			<string>FriendTableViewCell.swift</string>
			<key>sourceTree</key>
			<string>&lt;group&gt;</string>
		</dict>
		<key>304094FA1CF244A40054D4EF</key>
		<dict>
			<key>fileEncoding</key>
			<string>4</string>
			<key>isa</key>
			<string>PBXFileReference</string>
			<key>lastKnownFileType</key>
			<string>sourcecode.swift</string>
			<key>path</key>
			<string>SavedAlarmsTableViewController.swift</string>
			<key>sourceTree</key>
			<string>&lt;group&gt;</string>
		</dict>
		<key>304094FB1CF244A40054D4EF</key>
		<dict>
			<key>fileRef</key>
			<string>304094FA1CF244A40054D4EF</string>
			<key>isa</key>
			<string>PBXBuildFile</string>
		</dict>
		<key>304094FC1CF246F10054D4EF</key>
		<dict>
			<key>children</key>
			<array>
				<string>304094FD1CF246F10054D4EF</string>
			</array>
			<key>currentVersion</key>
			<string>304094FD1CF246F10054D4EF</string>
			<key>isa</key>
			<string>XCVersionGroup</string>
			<key>path</key>
			<string>Model.xcdatamodeld</string>
			<key>sourceTree</key>
			<string>&lt;group&gt;</string>
			<key>versionGroupType</key>
			<string>wrapper.xcdatamodel</string>
		</dict>
		<key>304094FD1CF246F10054D4EF</key>
		<dict>
			<key>isa</key>
			<string>PBXFileReference</string>
			<key>lastKnownFileType</key>
			<string>wrapper.xcdatamodel</string>
			<key>path</key>
			<string>Model.xcdatamodel</string>
			<key>sourceTree</key>
			<string>&lt;group&gt;</string>
		</dict>
		<key>304094FE1CF246F10054D4EF</key>
		<dict>
			<key>fileRef</key>
			<string>304094FC1CF246F10054D4EF</string>
			<key>isa</key>
			<string>PBXBuildFile</string>
		</dict>
		<key>304094FF1CF247650054D4EF</key>
		<dict>
			<key>fileEncoding</key>
			<string>4</string>
			<key>isa</key>
			<string>PBXFileReference</string>
			<key>lastKnownFileType</key>
			<string>sourcecode.swift</string>
			<key>path</key>
			<string>Alarm+CoreDataProperties.swift</string>
			<key>sourceTree</key>
			<string>&lt;group&gt;</string>
		</dict>
		<key>304095001CF247650054D4EF</key>
		<dict>
			<key>fileEncoding</key>
			<string>4</string>
			<key>isa</key>
			<string>PBXFileReference</string>
			<key>lastKnownFileType</key>
			<string>sourcecode.swift</string>
			<key>path</key>
			<string>Alarm.swift</string>
			<key>sourceTree</key>
			<string>&lt;group&gt;</string>
		</dict>
		<key>304095011CF247650054D4EF</key>
		<dict>
			<key>fileRef</key>
			<string>304094FF1CF247650054D4EF</string>
			<key>isa</key>
			<string>PBXBuildFile</string>
		</dict>
		<key>304095021CF247650054D4EF</key>
		<dict>
			<key>fileRef</key>
			<string>304095001CF247650054D4EF</string>
			<key>isa</key>
			<string>PBXBuildFile</string>
		</dict>
		<key>304095031CF247860054D4EF</key>
		<dict>
			<key>children</key>
			<array>
				<string>304094FF1CF247650054D4EF</string>
				<string>304095001CF247650054D4EF</string>
				<string>304094FC1CF246F10054D4EF</string>
			</array>
			<key>isa</key>
			<string>PBXGroup</string>
			<key>name</key>
			<string>CoreData</string>
			<key>sourceTree</key>
			<string>&lt;group&gt;</string>
		</dict>
		<key>304095041CF247EC0054D4EF</key>
		<dict>
			<key>fileEncoding</key>
			<string>4</string>
			<key>isa</key>
			<string>PBXFileReference</string>
			<key>lastKnownFileType</key>
			<string>sourcecode.swift</string>
			<key>path</key>
			<string>CoreDataTableViewController.swift</string>
			<key>sourceTree</key>
			<string>&lt;group&gt;</string>
		</dict>
		<key>304095051CF247EC0054D4EF</key>
		<dict>
			<key>fileRef</key>
			<string>304095041CF247EC0054D4EF</string>
			<key>isa</key>
			<string>PBXBuildFile</string>
		</dict>
		<key>3040950D1CF26F5E0054D4EF</key>
		<dict>
			<key>isa</key>
			<string>PBXFileReference</string>
			<key>lastKnownFileType</key>
			<string>audio.wav</string>
			<key>path</key>
			<string>Soft Piano.wav</string>
			<key>sourceTree</key>
			<string>&lt;group&gt;</string>
		</dict>
		<key>3040950E1CF26F5E0054D4EF</key>
		<dict>
			<key>isa</key>
			<string>PBXFileReference</string>
			<key>lastKnownFileType</key>
			<string>audio.wav</string>
			<key>path</key>
			<string>Obnoxious Synth.wav</string>
			<key>sourceTree</key>
			<string>&lt;group&gt;</string>
		</dict>
		<key>3040950F1CF26F5E0054D4EF</key>
		<dict>
			<key>isa</key>
			<string>PBXFileReference</string>
			<key>lastKnownFileType</key>
			<string>audio.wav</string>
			<key>path</key>
			<string>Soft Guitar.wav</string>
			<key>sourceTree</key>
			<string>&lt;group&gt;</string>
		</dict>
		<key>304095151CF26F5E0054D4EF</key>
		<dict>
			<key>fileRef</key>
			<string>3040950D1CF26F5E0054D4EF</string>
			<key>isa</key>
			<string>PBXBuildFile</string>
		</dict>
		<key>304095161CF26F5E0054D4EF</key>
		<dict>
			<key>fileRef</key>
			<string>3040950E1CF26F5E0054D4EF</string>
			<key>isa</key>
			<string>PBXBuildFile</string>
		</dict>
		<key>304095171CF26F5E0054D4EF</key>
		<dict>
			<key>fileRef</key>
			<string>3040950F1CF26F5E0054D4EF</string>
			<key>isa</key>
			<string>PBXBuildFile</string>
		</dict>
		<key>304095181CF26F650054D4EF</key>
		<dict>
			<key>children</key>
			<array>
				<string>304095191CF26F780054D4EF</string>
				<string>3040951A1CF26F810054D4EF</string>
			</array>
			<key>isa</key>
			<string>PBXGroup</string>
			<key>name</key>
			<string>Media Files</string>
			<key>sourceTree</key>
			<string>&lt;group&gt;</string>
		</dict>
		<key>304095191CF26F780054D4EF</key>
		<dict>
			<key>children</key>
			<array>
				<string>30B2CF901D03D19600A3D124</string>
				<string>3042B8A71D04E7BB0044152F</string>
				<string>302174C91CFA2FF700AD3134</string>
			</array>
			<key>isa</key>
			<string>PBXGroup</string>
			<key>name</key>
			<string>Icons</string>
			<key>sourceTree</key>
			<string>&lt;group&gt;</string>
		</dict>
		<key>3040951A1CF26F810054D4EF</key>
		<dict>
			<key>children</key>
			<array>
				<string>B307AD481D02AB4A004852CD</string>
				<string>3040950D1CF26F5E0054D4EF</string>
				<string>3040950E1CF26F5E0054D4EF</string>
				<string>3040950F1CF26F5E0054D4EF</string>
				<string>3050E2AE1D0502F00078FDAF</string>
				<string>3050E2AF1D0502F00078FDAF</string>
				<string>3050E2B01D0502F00078FDAF</string>
				<string>3050E2B11D0502F00078FDAF</string>
				<string>3050E2B21D0502F00078FDAF</string>
			</array>
			<key>isa</key>
			<string>PBXGroup</string>
			<key>name</key>
			<string>Ringtones</string>
			<key>sourceTree</key>
			<string>&lt;group&gt;</string>
		</dict>
		<key>3042B8A61D03E73B0044152F</key>
		<dict>
			<key>fileEncoding</key>
			<string>4</string>
			<key>isa</key>
			<string>PBXFileReference</string>
			<key>lastKnownFileType</key>
			<string>sourcecode.c.h</string>
			<key>path</key>
			<string>AlarmCharm-Bridging-Header.h</string>
			<key>sourceTree</key>
			<string>&lt;group&gt;</string>
		</dict>
		<key>3042B8A71D04E7BB0044152F</key>
		<dict>
			<key>isa</key>
			<string>PBXFileReference</string>
			<key>lastKnownFileType</key>
			<string>image.jpeg</string>
			<key>path</key>
			<string>default_wakeup_photo.jpg</string>
			<key>sourceTree</key>
			<string>&lt;group&gt;</string>
		</dict>
		<key>3042B8A81D04E7BB0044152F</key>
		<dict>
			<key>fileRef</key>
			<string>3042B8A71D04E7BB0044152F</string>
			<key>isa</key>
			<string>PBXBuildFile</string>
		</dict>
		<key>3050E2AC1D04F2890078FDAF</key>
		<dict>
			<key>fileEncoding</key>
			<string>4</string>
			<key>isa</key>
			<string>PBXFileReference</string>
			<key>lastKnownFileType</key>
			<string>sourcecode.swift</string>
			<key>path</key>
			<string>FetchViewController.swift</string>
			<key>sourceTree</key>
			<string>&lt;group&gt;</string>
		</dict>
		<key>3050E2AD1D04F2890078FDAF</key>
		<dict>
			<key>fileRef</key>
			<string>3050E2AC1D04F2890078FDAF</string>
			<key>isa</key>
			<string>PBXBuildFile</string>
		</dict>
		<key>3050E2AE1D0502F00078FDAF</key>
		<dict>
			<key>isa</key>
			<string>PBXFileReference</string>
			<key>lastKnownFileType</key>
			<string>audio.wav</string>
			<key>path</key>
			<string>Shogun.wav</string>
			<key>sourceTree</key>
			<string>&lt;group&gt;</string>
		</dict>
		<key>3050E2AF1D0502F00078FDAF</key>
		<dict>
			<key>isa</key>
			<string>PBXFileReference</string>
			<key>lastKnownFileType</key>
			<string>audio.wav</string>
			<key>path</key>
			<string>Jazz.wav</string>
			<key>sourceTree</key>
			<string>&lt;group&gt;</string>
		</dict>
		<key>3050E2B01D0502F00078FDAF</key>
		<dict>
			<key>isa</key>
			<string>PBXFileReference</string>
			<key>lastKnownFileType</key>
			<string>audio.wav</string>
			<key>path</key>
			<string>Soft Rock.wav</string>
			<key>sourceTree</key>
			<string>&lt;group&gt;</string>
		</dict>
		<key>3050E2B11D0502F00078FDAF</key>
		<dict>
			<key>isa</key>
			<string>PBXFileReference</string>
			<key>lastKnownFileType</key>
			<string>audio.wav</string>
			<key>path</key>
			<string>Peaceful Wakeup.wav</string>
			<key>sourceTree</key>
			<string>&lt;group&gt;</string>
		</dict>
		<key>3050E2B21D0502F00078FDAF</key>
		<dict>
			<key>isa</key>
			<string>PBXFileReference</string>
			<key>lastKnownFileType</key>
			<string>audio.wav</string>
			<key>path</key>
			<string>Epic Wakeup.wav</string>
			<key>sourceTree</key>
			<string>&lt;group&gt;</string>
		</dict>
		<key>3050E2B31D0502F00078FDAF</key>
		<dict>
			<key>fileRef</key>
			<string>3050E2AE1D0502F00078FDAF</string>
			<key>isa</key>
			<string>PBXBuildFile</string>
		</dict>
		<key>3050E2B41D0502F00078FDAF</key>
		<dict>
			<key>fileRef</key>
			<string>3050E2AF1D0502F00078FDAF</string>
			<key>isa</key>
			<string>PBXBuildFile</string>
		</dict>
		<key>3050E2B51D0502F00078FDAF</key>
		<dict>
			<key>fileRef</key>
			<string>3050E2B01D0502F00078FDAF</string>
			<key>isa</key>
			<string>PBXBuildFile</string>
		</dict>
		<key>3050E2B61D0502F00078FDAF</key>
		<dict>
			<key>fileRef</key>
			<string>3050E2B11D0502F00078FDAF</string>
			<key>isa</key>
			<string>PBXBuildFile</string>
		</dict>
		<key>3050E2B71D0502F00078FDAF</key>
		<dict>
			<key>fileRef</key>
			<string>3050E2B21D0502F00078FDAF</string>
			<key>isa</key>
			<string>PBXBuildFile</string>
		</dict>
		<key>305DC3121CF4D4A500CE10A7</key>
		<dict>
			<key>fileEncoding</key>
			<string>4</string>
			<key>isa</key>
			<string>PBXFileReference</string>
			<key>lastKnownFileType</key>
			<string>sourcecode.swift</string>
			<key>path</key>
			<string>CreateNewAlarmViewController.swift</string>
			<key>sourceTree</key>
			<string>&lt;group&gt;</string>
		</dict>
		<key>305DC3131CF4D4A500CE10A7</key>
		<dict>
			<key>fileRef</key>
			<string>305DC3121CF4D4A500CE10A7</string>
			<key>isa</key>
			<string>PBXBuildFile</string>
		</dict>
		<key>305DC3141CF4D8B000CE10A7</key>
		<dict>
			<key>fileEncoding</key>
			<string>4</string>
			<key>isa</key>
			<string>PBXFileReference</string>
			<key>lastKnownFileType</key>
			<string>sourcecode.swift</string>
			<key>path</key>
			<string>WelcomeScreenViewController.swift</string>
			<key>sourceTree</key>
			<string>&lt;group&gt;</string>
		</dict>
		<key>305DC3151CF4D8B000CE10A7</key>
		<dict>
			<key>fileRef</key>
			<string>305DC3141CF4D8B000CE10A7</string>
			<key>isa</key>
			<string>PBXBuildFile</string>
		</dict>
		<key>30B2CF8E1D03AED800A3D124</key>
		<dict>
			<key>fileEncoding</key>
			<string>4</string>
			<key>isa</key>
			<string>PBXFileReference</string>
			<key>lastKnownFileType</key>
			<string>sourcecode.swift</string>
			<key>path</key>
			<string>Colors.swift</string>
			<key>sourceTree</key>
			<string>&lt;group&gt;</string>
		</dict>
		<key>30B2CF8F1D03AED800A3D124</key>
		<dict>
			<key>fileRef</key>
			<string>30B2CF8E1D03AED800A3D124</string>
			<key>isa</key>
			<string>PBXBuildFile</string>
		</dict>
		<key>30B2CF901D03D19600A3D124</key>
		<dict>
			<key>isa</key>
			<string>PBXFileReference</string>
			<key>lastKnownFileType</key>
			<string>image.png</string>
			<key>path</key>
			<string>logo180.png</string>
			<key>sourceTree</key>
			<string>&lt;group&gt;</string>
		</dict>
		<key>30B2CF911D03D19600A3D124</key>
		<dict>
			<key>fileRef</key>
			<string>30B2CF901D03D19600A3D124</string>
			<key>isa</key>
			<string>PBXBuildFile</string>
		</dict>
		<key>30DF3F371CE6789800910E9F</key>
		<dict>
			<key>children</key>
			<array>
				<string>30DF3F421CE6789800910E9F</string>
				<string>30DF3F411CE6789800910E9F</string>
				<string>9378359B80A8AB21CC45182E</string>
				<string>70E5DA3775DE172BC54648C7</string>
			</array>
			<key>isa</key>
			<string>PBXGroup</string>
			<key>sourceTree</key>
			<string>&lt;group&gt;</string>
		</dict>
		<key>30DF3F381CE6789800910E9F</key>
		<dict>
			<key>attributes</key>
			<dict>
				<key>LastSwiftUpdateCheck</key>
				<string>0730</string>
				<key>LastUpgradeCheck</key>
				<string>0730</string>
				<key>ORGANIZATIONNAME</key>
				<string>Laura Brouckman</string>
				<key>TargetAttributes</key>
				<dict>
					<key>30DF3F3F1CE6789800910E9F</key>
					<dict>
						<key>CreatedOnToolsVersion</key>
						<string>7.3</string>
						<key>DevelopmentTeam</key>
						<string>GQPD698VHL</string>
						<key>LastSwiftMigration</key>
						<string>0800</string>
						<key>SystemCapabilities</key>
						<dict>
							<key>com.apple.BackgroundModes</key>
							<dict>
								<key>enabled</key>
								<string>1</string>
							</dict>
						</dict>
					</dict>
				</dict>
			</dict>
			<key>buildConfigurationList</key>
			<string>30DF3F3B1CE6789800910E9F</string>
			<key>compatibilityVersion</key>
			<string>Xcode 3.2</string>
			<key>developmentRegion</key>
			<string>English</string>
			<key>hasScannedForEncodings</key>
			<string>0</string>
			<key>isa</key>
			<string>PBXProject</string>
			<key>knownRegions</key>
			<array>
				<string>en</string>
				<string>Base</string>
			</array>
			<key>mainGroup</key>
			<string>30DF3F371CE6789800910E9F</string>
			<key>productRefGroup</key>
			<string>30DF3F411CE6789800910E9F</string>
			<key>projectDirPath</key>
			<string></string>
			<key>projectReferences</key>
			<array/>
			<key>projectRoot</key>
			<string></string>
			<key>targets</key>
			<array>
				<string>30DF3F3F1CE6789800910E9F</string>
			</array>
		</dict>
		<key>30DF3F3B1CE6789800910E9F</key>
		<dict>
			<key>buildConfigurations</key>
			<array>
				<string>30DF3F531CE6789800910E9F</string>
				<string>30DF3F541CE6789800910E9F</string>
			</array>
			<key>defaultConfigurationIsVisible</key>
			<string>0</string>
			<key>defaultConfigurationName</key>
			<string>Release</string>
			<key>isa</key>
			<string>XCConfigurationList</string>
		</dict>
		<key>30DF3F3C1CE6789800910E9F</key>
		<dict>
			<key>buildActionMask</key>
			<string>2147483647</string>
			<key>files</key>
			<array>
				<string>B3E0D7DC1CF282790071798A</string>
				<string>3050E2AD1D04F2890078FDAF</string>
				<string>30B2CF8F1D03AED800A3D124</string>
				<string>30DF3F441CE6789800910E9F</string>
				<string>305DC3131CF4D4A500CE10A7</string>
				<string>B3E0D7DE1CF2829C0071798A</string>
				<string>B31BF32C1DD4FED900123087</string>
				<string>305DC3151CF4D8B000CE10A7</string>
				<string>304094FE1CF246F10054D4EF</string>
				<string>B3F03F321CFABE0F00B52980</string>
				<string>B307AD431CFB729B004852CD</string>
				<string>304095011CF247650054D4EF</string>
				<string>30DF3F5A1CE68A3D00910E9F</string>
				<string>303B8F501CFD279B00995E77</string>
				<string>304095021CF247650054D4EF</string>
				<string>B31BF32D1DD4FEDB00123087</string>
				<string>304094FB1CF244A40054D4EF</string>
				<string>B307AD451CFEBD4B004852CD</string>
				<string>B307AD411CFADA88004852CD</string>
				<string>B38CBFE41CEE71DF0099899D</string>
				<string>B31BF32B1DD4FECC00123087</string>
				<string>304095051CF247EC0054D4EF</string>
			</array>
			<key>isa</key>
			<string>PBXSourcesBuildPhase</string>
			<key>runOnlyForDeploymentPostprocessing</key>
			<string>0</string>
		</dict>
		<key>30DF3F3D1CE6789800910E9F</key>
		<dict>
			<key>buildActionMask</key>
			<string>2147483647</string>
			<key>files</key>
			<array>
				<string>D0925467B465A91238C25752</string>
			</array>
			<key>isa</key>
			<string>PBXFrameworksBuildPhase</string>
			<key>runOnlyForDeploymentPostprocessing</key>
			<string>0</string>
		</dict>
		<key>30DF3F3E1CE6789800910E9F</key>
		<dict>
			<key>buildActionMask</key>
			<string>2147483647</string>
			<key>files</key>
			<array>
				<string>304095171CF26F5E0054D4EF</string>
				<string>30DF3F511CE6789800910E9F</string>
				<string>3050E2B61D0502F00078FDAF</string>
				<string>3050E2B41D0502F00078FDAF</string>
				<string>30DF3F4E1CE6789800910E9F</string>
				<string>304095151CF26F5E0054D4EF</string>
				<string>304095161CF26F5E0054D4EF</string>
				<string>3042B8A81D04E7BB0044152F</string>
				<string>3050E2B71D0502F00078FDAF</string>
				<string>3050E2B51D0502F00078FDAF</string>
				<string>B31BF32E1DD4FF0B00123087</string>
				<string>3050E2B31D0502F00078FDAF</string>
				<string>30DF3F491CE6789800910E9F</string>
				<string>30B2CF911D03D19600A3D124</string>
				<string>B307AD491D02AB4A004852CD</string>
				<string>30FE0D0E1CF76F65004213A0</string>
				<string>302174CA1CFA2FF700AD3134</string>
			</array>
			<key>isa</key>
			<string>PBXResourcesBuildPhase</string>
			<key>runOnlyForDeploymentPostprocessing</key>
			<string>0</string>
		</dict>
		<key>30DF3F3F1CE6789800910E9F</key>
		<dict>
			<key>buildConfigurationList</key>
			<string>30DF3F551CE6789800910E9F</string>
			<key>buildPhases</key>
			<array>
				<string>D24891C47D413E26C176FB52</string>
				<string>30DF3F3C1CE6789800910E9F</string>
				<string>30DF3F3D1CE6789800910E9F</string>
				<string>30DF3F3E1CE6789800910E9F</string>
				<string>BFCFFE14282053A5AD8742FD</string>
				<string>657A4CF7746A10FDDF97C244</string>
				<string>B31436F61D209DFF00E6DA88</string>
			</array>
			<key>buildRules</key>
			<array/>
			<key>dependencies</key>
			<array/>
			<key>isa</key>
			<string>PBXNativeTarget</string>
			<key>name</key>
			<string>AlarmCharm</string>
			<key>productName</key>
			<string>AlarmCharm</string>
			<key>productReference</key>
			<string>30DF3F401CE6789800910E9F</string>
			<key>productType</key>
			<string>com.apple.product-type.application</string>
		</dict>
		<key>30DF3F401CE6789800910E9F</key>
		<dict>
			<key>explicitFileType</key>
			<string>wrapper.application</string>
			<key>includeInIndex</key>
			<string>0</string>
			<key>isa</key>
			<string>PBXFileReference</string>
			<key>path</key>
			<string>AlarmCharm.app</string>
			<key>sourceTree</key>
			<string>BUILT_PRODUCTS_DIR</string>
		</dict>
		<key>30DF3F411CE6789800910E9F</key>
		<dict>
			<key>children</key>
			<array>
				<string>30DF3F401CE6789800910E9F</string>
			</array>
			<key>isa</key>
			<string>PBXGroup</string>
			<key>name</key>
			<string>Products</string>
			<key>sourceTree</key>
			<string>&lt;group&gt;</string>
		</dict>
		<key>30DF3F421CE6789800910E9F</key>
		<dict>
			<key>children</key>
			<array>
				<string>3042B8A61D03E73B0044152F</string>
				<string>303B8F4F1CFD279B00995E77</string>
				<string>30B2CF8E1D03AED800A3D124</string>
				<string>304095181CF26F650054D4EF</string>
				<string>30DF3F581CE6870500910E9F</string>
				<string>304095031CF247860054D4EF</string>
				<string>305DC3141CF4D8B000CE10A7</string>
				<string>3050E2AC1D04F2890078FDAF</string>
				<string>B307AD441CFEBD4B004852CD</string>
				<string>B3F03F311CFABE0F00B52980</string>
				<string>305DC3121CF4D4A500CE10A7</string>
				<string>304094FA1CF244A40054D4EF</string>
				<string>304094F81CF236930054D4EF</string>
				<string>304094F61CF230C70054D4EF</string>
				<string>30DF3F471CE6789800910E9F</string>
				<string>B307AD421CFB729B004852CD</string>
				<string>302174C71CFA13A700AD3134</string>
				<string>30DF3F591CE68A3D00910E9F</string>
				<string>304095041CF247EC0054D4EF</string>
				<string>B38CBFE31CEE71DF0099899D</string>
				<string>B3E0D7DB1CF282790071798A</string>
				<string>B3E0D7DD1CF2829C0071798A</string>
				<string>B307AD401CFADA88004852CD</string>
				<string>30FE0D0D1CF76F65004213A0</string>
			</array>
			<key>isa</key>
			<string>PBXGroup</string>
			<key>path</key>
			<string>AlarmCharm</string>
			<key>sourceTree</key>
			<string>&lt;group&gt;</string>
		</dict>
		<key>30DF3F431CE6789800910E9F</key>
		<dict>
			<key>isa</key>
			<string>PBXFileReference</string>
			<key>lastKnownFileType</key>
			<string>sourcecode.swift</string>
			<key>path</key>
			<string>AppDelegate.swift</string>
			<key>sourceTree</key>
			<string>&lt;group&gt;</string>
		</dict>
		<key>30DF3F441CE6789800910E9F</key>
		<dict>
			<key>fileRef</key>
			<string>30DF3F431CE6789800910E9F</string>
			<key>isa</key>
			<string>PBXBuildFile</string>
		</dict>
		<key>30DF3F471CE6789800910E9F</key>
		<dict>
			<key>children</key>
			<array>
				<string>30DF3F481CE6789800910E9F</string>
			</array>
			<key>isa</key>
			<string>PBXVariantGroup</string>
			<key>name</key>
			<string>Main.storyboard</string>
			<key>sourceTree</key>
			<string>&lt;group&gt;</string>
		</dict>
		<key>30DF3F481CE6789800910E9F</key>
		<dict>
			<key>isa</key>
			<string>PBXFileReference</string>
			<key>lastKnownFileType</key>
			<string>file.storyboard</string>
			<key>name</key>
			<string>Base</string>
			<key>path</key>
			<string>Base.lproj/Main.storyboard</string>
			<key>sourceTree</key>
			<string>&lt;group&gt;</string>
		</dict>
		<key>30DF3F491CE6789800910E9F</key>
		<dict>
			<key>fileRef</key>
			<string>30DF3F471CE6789800910E9F</string>
			<key>isa</key>
			<string>PBXBuildFile</string>
		</dict>
		<key>30DF3F4D1CE6789800910E9F</key>
		<dict>
			<key>isa</key>
			<string>PBXFileReference</string>
			<key>lastKnownFileType</key>
			<string>folder.assetcatalog</string>
			<key>path</key>
			<string>Assets.xcassets</string>
			<key>sourceTree</key>
			<string>&lt;group&gt;</string>
		</dict>
		<key>30DF3F4E1CE6789800910E9F</key>
		<dict>
			<key>fileRef</key>
			<string>30DF3F4D1CE6789800910E9F</string>
			<key>isa</key>
			<string>PBXBuildFile</string>
		</dict>
		<key>30DF3F4F1CE6789800910E9F</key>
		<dict>
			<key>children</key>
			<array>
				<string>30DF3F501CE6789800910E9F</string>
			</array>
			<key>isa</key>
			<string>PBXVariantGroup</string>
			<key>name</key>
			<string>LaunchScreen.storyboard</string>
			<key>sourceTree</key>
			<string>&lt;group&gt;</string>
		</dict>
		<key>30DF3F501CE6789800910E9F</key>
		<dict>
			<key>isa</key>
			<string>PBXFileReference</string>
			<key>lastKnownFileType</key>
			<string>file.storyboard</string>
			<key>name</key>
			<string>Base</string>
			<key>path</key>
			<string>Base.lproj/LaunchScreen.storyboard</string>
			<key>sourceTree</key>
			<string>&lt;group&gt;</string>
		</dict>
		<key>30DF3F511CE6789800910E9F</key>
		<dict>
			<key>fileRef</key>
			<string>30DF3F4F1CE6789800910E9F</string>
			<key>isa</key>
			<string>PBXBuildFile</string>
		</dict>
		<key>30DF3F521CE6789800910E9F</key>
		<dict>
			<key>isa</key>
			<string>PBXFileReference</string>
			<key>lastKnownFileType</key>
			<string>text.plist.xml</string>
			<key>path</key>
			<string>Info.plist</string>
			<key>sourceTree</key>
			<string>&lt;group&gt;</string>
		</dict>
		<key>30DF3F531CE6789800910E9F</key>
		<dict>
			<key>buildSettings</key>
			<dict>
				<key>ALWAYS_SEARCH_USER_PATHS</key>
				<string>NO</string>
				<key>CLANG_ANALYZER_NONNULL</key>
				<string>YES</string>
				<key>CLANG_CXX_LANGUAGE_STANDARD</key>
				<string>gnu++0x</string>
				<key>CLANG_CXX_LIBRARY</key>
				<string>libc++</string>
				<key>CLANG_ENABLE_MODULES</key>
				<string>YES</string>
				<key>CLANG_ENABLE_OBJC_ARC</key>
				<string>YES</string>
				<key>CLANG_WARN_BOOL_CONVERSION</key>
				<string>YES</string>
				<key>CLANG_WARN_CONSTANT_CONVERSION</key>
				<string>YES</string>
				<key>CLANG_WARN_DIRECT_OBJC_ISA_USAGE</key>
				<string>YES_ERROR</string>
				<key>CLANG_WARN_EMPTY_BODY</key>
				<string>YES</string>
				<key>CLANG_WARN_ENUM_CONVERSION</key>
				<string>YES</string>
				<key>CLANG_WARN_INT_CONVERSION</key>
				<string>YES</string>
				<key>CLANG_WARN_OBJC_ROOT_CLASS</key>
				<string>YES_ERROR</string>
				<key>CLANG_WARN_UNREACHABLE_CODE</key>
				<string>YES</string>
				<key>CLANG_WARN__DUPLICATE_METHOD_MATCH</key>
				<string>YES</string>
				<key>CODE_SIGN_IDENTITY[sdk=iphoneos*]</key>
				<string>iPhone Developer</string>
				<key>COPY_PHASE_STRIP</key>
				<string>NO</string>
				<key>DEBUG_INFORMATION_FORMAT</key>
				<string>dwarf</string>
				<key>ENABLE_STRICT_OBJC_MSGSEND</key>
				<string>YES</string>
				<key>ENABLE_TESTABILITY</key>
				<string>YES</string>
				<key>GCC_C_LANGUAGE_STANDARD</key>
				<string>gnu99</string>
				<key>GCC_DYNAMIC_NO_PIC</key>
				<string>NO</string>
				<key>GCC_NO_COMMON_BLOCKS</key>
				<string>YES</string>
				<key>GCC_OPTIMIZATION_LEVEL</key>
				<string>0</string>
				<key>GCC_PREPROCESSOR_DEFINITIONS</key>
				<array>
					<string>DEBUG=1</string>
					<string>$(inherited)</string>
				</array>
				<key>GCC_WARN_64_TO_32_BIT_CONVERSION</key>
				<string>YES</string>
				<key>GCC_WARN_ABOUT_RETURN_TYPE</key>
				<string>YES_ERROR</string>
				<key>GCC_WARN_UNDECLARED_SELECTOR</key>
				<string>YES</string>
				<key>GCC_WARN_UNINITIALIZED_AUTOS</key>
				<string>YES_AGGRESSIVE</string>
				<key>GCC_WARN_UNUSED_FUNCTION</key>
				<string>YES</string>
				<key>GCC_WARN_UNUSED_VARIABLE</key>
				<string>YES</string>
				<key>IPHONEOS_DEPLOYMENT_TARGET</key>
				<string>9.3</string>
				<key>MTL_ENABLE_DEBUG_INFO</key>
				<string>YES</string>
				<key>ONLY_ACTIVE_ARCH</key>
				<string>YES</string>
				<key>SDKROOT</key>
				<string>iphoneos</string>
				<key>SWIFT_OPTIMIZATION_LEVEL</key>
				<string>-Onone</string>
				<key>TARGETED_DEVICE_FAMILY</key>
				<string>1,2</string>
			</dict>
			<key>isa</key>
			<string>XCBuildConfiguration</string>
			<key>name</key>
			<string>Debug</string>
		</dict>
		<key>30DF3F541CE6789800910E9F</key>
		<dict>
			<key>buildSettings</key>
			<dict>
				<key>ALWAYS_SEARCH_USER_PATHS</key>
				<string>NO</string>
				<key>CLANG_ANALYZER_NONNULL</key>
				<string>YES</string>
				<key>CLANG_CXX_LANGUAGE_STANDARD</key>
				<string>gnu++0x</string>
				<key>CLANG_CXX_LIBRARY</key>
				<string>libc++</string>
				<key>CLANG_ENABLE_MODULES</key>
				<string>YES</string>
				<key>CLANG_ENABLE_OBJC_ARC</key>
				<string>YES</string>
				<key>CLANG_WARN_BOOL_CONVERSION</key>
				<string>YES</string>
				<key>CLANG_WARN_CONSTANT_CONVERSION</key>
				<string>YES</string>
				<key>CLANG_WARN_DIRECT_OBJC_ISA_USAGE</key>
				<string>YES_ERROR</string>
				<key>CLANG_WARN_EMPTY_BODY</key>
				<string>YES</string>
				<key>CLANG_WARN_ENUM_CONVERSION</key>
				<string>YES</string>
				<key>CLANG_WARN_INT_CONVERSION</key>
				<string>YES</string>
				<key>CLANG_WARN_OBJC_ROOT_CLASS</key>
				<string>YES_ERROR</string>
				<key>CLANG_WARN_UNREACHABLE_CODE</key>
				<string>YES</string>
				<key>CLANG_WARN__DUPLICATE_METHOD_MATCH</key>
				<string>YES</string>
				<key>CODE_SIGN_IDENTITY[sdk=iphoneos*]</key>
				<string>iPhone Developer</string>
				<key>COPY_PHASE_STRIP</key>
				<string>NO</string>
				<key>DEBUG_INFORMATION_FORMAT</key>
				<string>dwarf-with-dsym</string>
				<key>ENABLE_NS_ASSERTIONS</key>
				<string>NO</string>
				<key>ENABLE_STRICT_OBJC_MSGSEND</key>
				<string>YES</string>
				<key>GCC_C_LANGUAGE_STANDARD</key>
				<string>gnu99</string>
				<key>GCC_NO_COMMON_BLOCKS</key>
				<string>YES</string>
				<key>GCC_WARN_64_TO_32_BIT_CONVERSION</key>
				<string>YES</string>
				<key>GCC_WARN_ABOUT_RETURN_TYPE</key>
				<string>YES_ERROR</string>
				<key>GCC_WARN_UNDECLARED_SELECTOR</key>
				<string>YES</string>
				<key>GCC_WARN_UNINITIALIZED_AUTOS</key>
				<string>YES_AGGRESSIVE</string>
				<key>GCC_WARN_UNUSED_FUNCTION</key>
				<string>YES</string>
				<key>GCC_WARN_UNUSED_VARIABLE</key>
				<string>YES</string>
				<key>IPHONEOS_DEPLOYMENT_TARGET</key>
				<string>9.3</string>
				<key>MTL_ENABLE_DEBUG_INFO</key>
				<string>NO</string>
				<key>SDKROOT</key>
				<string>iphoneos</string>
				<key>TARGETED_DEVICE_FAMILY</key>
				<string>1,2</string>
				<key>VALIDATE_PRODUCT</key>
				<string>YES</string>
			</dict>
			<key>isa</key>
			<string>XCBuildConfiguration</string>
			<key>name</key>
			<string>Release</string>
		</dict>
		<key>30DF3F551CE6789800910E9F</key>
		<dict>
			<key>buildConfigurations</key>
			<array>
				<string>30DF3F561CE6789800910E9F</string>
				<string>30DF3F571CE6789800910E9F</string>
			</array>
			<key>defaultConfigurationIsVisible</key>
			<string>0</string>
			<key>defaultConfigurationName</key>
			<string>Release</string>
			<key>isa</key>
			<string>XCConfigurationList</string>
		</dict>
		<key>30DF3F561CE6789800910E9F</key>
		<dict>
			<key>baseConfigurationReference</key>
			<string>7102B7B16C6A0DBDF18D17E8</string>
			<key>buildSettings</key>
			<dict>
				<key>ASSETCATALOG_COMPILER_APPICON_NAME</key>
				<string>AppIcon</string>
				<key>CODE_SIGN_IDENTITY</key>
				<string>iPhone Developer</string>
				<key>CODE_SIGN_IDENTITY[sdk=iphoneos*]</key>
				<string>iPhone Developer</string>
				<key>DEVELOPMENT_TEAM</key>
				<string>GQPD698VHL</string>
				<key>INFOPLIST_FILE</key>
				<string>AlarmCharm/Info.plist</string>
				<key>LD_RUNPATH_SEARCH_PATHS</key>
				<string>$(inherited) @executable_path/Frameworks</string>
				<key>PRODUCT_BUNDLE_IDENTIFIER</key>
				<string>edu.stanford.lbrouckm.AlarmCharm</string>
				<key>PRODUCT_NAME</key>
				<string>$(TARGET_NAME)</string>
				<key>PROVISIONING_PROFILE</key>
				<string></string>
				<key>SWIFT_OBJC_BRIDGING_HEADER</key>
				<string>AlarmCharm/AlarmCharm-Bridging-Header.h</string>
				<key>SWIFT_VERSION</key>
				<string>3.0</string>
				<key>TARGETED_DEVICE_FAMILY</key>
				<string>1</string>
			</dict>
			<key>isa</key>
			<string>XCBuildConfiguration</string>
			<key>name</key>
			<string>Debug</string>
		</dict>
		<key>30DF3F571CE6789800910E9F</key>
		<dict>
			<key>baseConfigurationReference</key>
			<string>6EFEE08CBEAC32D1476FFEBD</string>
			<key>buildSettings</key>
			<dict>
				<key>ASSETCATALOG_COMPILER_APPICON_NAME</key>
				<string>AppIcon</string>
				<key>CODE_SIGN_IDENTITY</key>
				<string>iPhone Developer</string>
				<key>CODE_SIGN_IDENTITY[sdk=iphoneos*]</key>
				<string>iPhone Developer</string>
				<key>DEVELOPMENT_TEAM</key>
				<string>GQPD698VHL</string>
				<key>INFOPLIST_FILE</key>
				<string>AlarmCharm/Info.plist</string>
				<key>LD_RUNPATH_SEARCH_PATHS</key>
				<string>$(inherited) @executable_path/Frameworks</string>
				<key>PRODUCT_BUNDLE_IDENTIFIER</key>
				<string>edu.stanford.lbrouckm.AlarmCharm</string>
				<key>PRODUCT_NAME</key>
				<string>$(TARGET_NAME)</string>
				<key>PROVISIONING_PROFILE</key>
				<string></string>
				<key>SWIFT_OBJC_BRIDGING_HEADER</key>
				<string>AlarmCharm/AlarmCharm-Bridging-Header.h</string>
				<key>SWIFT_VERSION</key>
				<string>3.0</string>
				<key>TARGETED_DEVICE_FAMILY</key>
				<string>1</string>
			</dict>
			<key>isa</key>
			<string>XCBuildConfiguration</string>
			<key>name</key>
			<string>Release</string>
		</dict>
		<key>30DF3F581CE6870500910E9F</key>
		<dict>
			<key>children</key>
			<array>
				<string>30DF3F431CE6789800910E9F</string>
				<string>30DF3F4D1CE6789800910E9F</string>
				<string>30DF3F4F1CE6789800910E9F</string>
				<string>30DF3F521CE6789800910E9F</string>
			</array>
			<key>isa</key>
			<string>PBXGroup</string>
			<key>name</key>
			<string>Supporting Files</string>
			<key>sourceTree</key>
			<string>&lt;group&gt;</string>
		</dict>
		<key>30DF3F591CE68A3D00910E9F</key>
		<dict>
			<key>fileEncoding</key>
			<string>4</string>
			<key>isa</key>
			<string>PBXFileReference</string>
			<key>lastKnownFileType</key>
			<string>sourcecode.swift</string>
			<key>path</key>
			<string>SetAlarmController.swift</string>
			<key>sourceTree</key>
			<string>&lt;group&gt;</string>
		</dict>
		<key>30DF3F5A1CE68A3D00910E9F</key>
		<dict>
			<key>fileRef</key>
			<string>30DF3F591CE68A3D00910E9F</string>
			<key>isa</key>
			<string>PBXBuildFile</string>
		</dict>
		<key>30FE0D0D1CF76F65004213A0</key>
		<dict>
			<key>fileEncoding</key>
			<string>4</string>
			<key>isa</key>
			<string>PBXFileReference</string>
			<key>lastKnownFileType</key>
			<string>text.plist.xml</string>
			<key>path</key>
			<string>GoogleService-Info.plist</string>
			<key>sourceTree</key>
			<string>&lt;group&gt;</string>
		</dict>
		<key>30FE0D0E1CF76F65004213A0</key>
		<dict>
			<key>fileRef</key>
			<string>30FE0D0D1CF76F65004213A0</string>
			<key>isa</key>
			<string>PBXBuildFile</string>
		</dict>
		<key>657A4CF7746A10FDDF97C244</key>
		<dict>
			<key>buildActionMask</key>
			<string>2147483647</string>
			<key>files</key>
			<array/>
			<key>inputPaths</key>
			<array/>
			<key>isa</key>
			<string>PBXShellScriptBuildPhase</string>
			<key>name</key>
			<string>&#128230; Copy Pods Resources</string>
			<key>outputPaths</key>
			<array/>
			<key>runOnlyForDeploymentPostprocessing</key>
			<string>0</string>
			<key>shellPath</key>
			<string>/bin/sh</string>
			<key>shellScript</key>
			<string>"${SRCROOT}/Pods/Target Support Files/Pods-AlarmCharm/Pods-AlarmCharm-resources.sh"
</string>
			<key>showEnvVarsInLog</key>
			<string>0</string>
		</dict>
		<key>6EFEE08CBEAC32D1476FFEBD</key>
		<dict>
			<key>includeInIndex</key>
			<string>1</string>
			<key>isa</key>
			<string>PBXFileReference</string>
			<key>lastKnownFileType</key>
			<string>text.xcconfig</string>
			<key>name</key>
			<string>Pods-AlarmCharm.release.xcconfig</string>
			<key>path</key>
			<string>Pods/Target Support Files/Pods-AlarmCharm/Pods-AlarmCharm.release.xcconfig</string>
			<key>sourceTree</key>
			<string>&lt;group&gt;</string>
		</dict>
		<key>70E5DA3775DE172BC54648C7</key>
		<dict>
			<key>children</key>
			<array>
				<string>B047D8246634A22BD8CB61CE</string>
			</array>
			<key>isa</key>
			<string>PBXGroup</string>
			<key>name</key>
			<string>Frameworks</string>
			<key>sourceTree</key>
			<string>&lt;group&gt;</string>
		</dict>
		<key>7102B7B16C6A0DBDF18D17E8</key>
		<dict>
			<key>includeInIndex</key>
			<string>1</string>
			<key>isa</key>
			<string>PBXFileReference</string>
			<key>lastKnownFileType</key>
			<string>text.xcconfig</string>
			<key>name</key>
			<string>Pods-AlarmCharm.debug.xcconfig</string>
			<key>path</key>
			<string>Pods/Target Support Files/Pods-AlarmCharm/Pods-AlarmCharm.debug.xcconfig</string>
			<key>sourceTree</key>
			<string>&lt;group&gt;</string>
		</dict>
		<key>9378359B80A8AB21CC45182E</key>
		<dict>
			<key>children</key>
			<array>
				<string>7102B7B16C6A0DBDF18D17E8</string>
				<string>6EFEE08CBEAC32D1476FFEBD</string>
			</array>
			<key>isa</key>
			<string>PBXGroup</string>
			<key>name</key>
			<string>Pods</string>
			<key>sourceTree</key>
			<string>&lt;group&gt;</string>
		</dict>
		<key>B047D8246634A22BD8CB61CE</key>
		<dict>
			<key>explicitFileType</key>
			<string>archive.ar</string>
			<key>includeInIndex</key>
			<string>0</string>
			<key>isa</key>
			<string>PBXFileReference</string>
			<key>path</key>
			<string>libPods-AlarmCharm.a</string>
			<key>sourceTree</key>
			<string>BUILT_PRODUCTS_DIR</string>
		</dict>
		<key>B307AD401CFADA88004852CD</key>
		<dict>
			<key>fileEncoding</key>
			<string>4</string>
			<key>isa</key>
			<string>PBXFileReference</string>
			<key>lastKnownFileType</key>
			<string>sourcecode.swift</string>
			<key>path</key>
			<string>AlarmGoingOffViewController.swift</string>
			<key>sourceTree</key>
			<string>&lt;group&gt;</string>
		</dict>
		<key>B307AD411CFADA88004852CD</key>
		<dict>
			<key>fileRef</key>
			<string>B307AD401CFADA88004852CD</string>
			<key>isa</key>
			<string>PBXBuildFile</string>
		</dict>
		<key>B307AD421CFB729B004852CD</key>
		<dict>
			<key>fileEncoding</key>
			<string>4</string>
			<key>isa</key>
			<string>PBXFileReference</string>
			<key>lastKnownFileType</key>
			<string>sourcecode.swift</string>
			<key>path</key>
			<string>DefaultMessageViewController.swift</string>
			<key>sourceTree</key>
			<string>&lt;group&gt;</string>
		</dict>
		<key>B307AD431CFB729B004852CD</key>
		<dict>
			<key>fileRef</key>
			<string>B307AD421CFB729B004852CD</string>
			<key>isa</key>
			<string>PBXBuildFile</string>
		</dict>
		<key>B307AD441CFEBD4B004852CD</key>
		<dict>
			<key>fileEncoding</key>
			<string>4</string>
			<key>isa</key>
			<string>PBXFileReference</string>
			<key>lastKnownFileType</key>
			<string>sourcecode.swift</string>
			<key>path</key>
			<string>UserDefaults.swift</string>
			<key>sourceTree</key>
			<string>&lt;group&gt;</string>
		</dict>
		<key>B307AD451CFEBD4B004852CD</key>
		<dict>
			<key>fileRef</key>
			<string>B307AD441CFEBD4B004852CD</string>
			<key>isa</key>
			<string>PBXBuildFile</string>
		</dict>
		<key>B307AD481D02AB4A004852CD</key>
		<dict>
			<key>isa</key>
			<string>PBXFileReference</string>
			<key>lastKnownFileType</key>
			<string>audio.wav</string>
			<key>path</key>
			<string>John Cena.wav</string>
			<key>sourceTree</key>
			<string>&lt;group&gt;</string>
		</dict>
		<key>B307AD491D02AB4A004852CD</key>
		<dict>
			<key>fileRef</key>
			<string>B307AD481D02AB4A004852CD</string>
			<key>isa</key>
			<string>PBXBuildFile</string>
		</dict>
		<key>B31436F61D209DFF00E6DA88</key>
		<dict>
			<key>buildActionMask</key>
			<string>12</string>
			<key>files</key>
			<array/>
			<key>inputPaths</key>
			<array/>
			<key>isa</key>
			<string>PBXShellScriptBuildPhase</string>
			<key>outputPaths</key>
			<array/>
			<key>runOnlyForDeploymentPostprocessing</key>
			<string>0</string>
			<key>shellPath</key>
			<string>/bin/sh</string>
			<key>shellScript</key>
			<string></string>
		</dict>
		<key>B31BF32B1DD4FECC00123087</key>
		<dict>
			<key>fileRef</key>
			<string>302174C71CFA13A700AD3134</string>
			<key>isa</key>
			<string>PBXBuildFile</string>
		</dict>
		<key>B31BF32C1DD4FED900123087</key>
		<dict>
			<key>fileRef</key>
			<string>304094F61CF230C70054D4EF</string>
			<key>isa</key>
			<string>PBXBuildFile</string>
		</dict>
		<key>B31BF32D1DD4FEDB00123087</key>
		<dict>
			<key>fileRef</key>
			<string>304094F81CF236930054D4EF</string>
			<key>isa</key>
			<string>PBXBuildFile</string>
		</dict>
		<key>B31BF32E1DD4FF0B00123087</key>
		<dict>
			<key>fileRef</key>
			<string>30DF3F521CE6789800910E9F</string>
			<key>isa</key>
			<string>PBXBuildFile</string>
		</dict>
		<key>B38CBFE31CEE71DF0099899D</key>
		<dict>
			<key>fileEncoding</key>
			<string>4</string>
			<key>isa</key>
			<string>PBXFileReference</string>
			<key>lastKnownFileType</key>
			<string>sourcecode.swift</string>
			<key>path</key>
			<string>Constants.swift</string>
			<key>sourceTree</key>
			<string>&lt;group&gt;</string>
		</dict>
		<key>B38CBFE41CEE71DF0099899D</key>
		<dict>
			<key>fileRef</key>
			<string>B38CBFE31CEE71DF0099899D</string>
			<key>isa</key>
			<string>PBXBuildFile</string>
		</dict>
		<key>B3E0D7DB1CF282790071798A</key>
		<dict>
			<key>fileEncoding</key>
			<string>4</string>
			<key>isa</key>
			<string>PBXFileReference</string>
			<key>lastKnownFileType</key>
			<string>sourcecode.swift</string>
			<key>path</key>
			<string>SetDefaultSoundTableViewController.swift</string>
			<key>sourceTree</key>
			<string>&lt;group&gt;</string>
		</dict>
		<key>B3E0D7DC1CF282790071798A</key>
		<dict>
			<key>fileRef</key>
			<string>B3E0D7DB1CF282790071798A</string>
			<key>isa</key>
			<string>PBXBuildFile</string>
		</dict>
		<key>B3E0D7DD1CF2829C0071798A</key>
		<dict>
			<key>fileEncoding</key>
			<string>4</string>
			<key>isa</key>
			<string>PBXFileReference</string>
			<key>lastKnownFileType</key>
			<string>sourcecode.swift</string>
			<key>path</key>
			<string>DefaultSoundTableViewCell.swift</string>
			<key>sourceTree</key>
			<string>&lt;group&gt;</string>
		</dict>
		<key>B3E0D7DE1CF2829C0071798A</key>
		<dict>
			<key>fileRef</key>
			<string>B3E0D7DD1CF2829C0071798A</string>
			<key>isa</key>
			<string>PBXBuildFile</string>
		</dict>
		<key>B3F03F311CFABE0F00B52980</key>
		<dict>
			<key>fileEncoding</key>
			<string>4</string>
			<key>isa</key>
			<string>PBXFileReference</string>
			<key>lastKnownFileType</key>
			<string>sourcecode.swift</string>
			<key>path</key>
			<string>Notifications.swift</string>
			<key>sourceTree</key>
			<string>&lt;group&gt;</string>
		</dict>
		<key>B3F03F321CFABE0F00B52980</key>
		<dict>
			<key>fileRef</key>
			<string>B3F03F311CFABE0F00B52980</string>
			<key>isa</key>
			<string>PBXBuildFile</string>
		</dict>
		<key>BFCFFE14282053A5AD8742FD</key>
		<dict>
			<key>buildActionMask</key>
			<string>2147483647</string>
			<key>files</key>
			<array/>
			<key>inputPaths</key>
			<array/>
			<key>isa</key>
			<string>PBXShellScriptBuildPhase</string>
			<key>name</key>
			<string>&#128230; Embed Pods Frameworks</string>
			<key>outputPaths</key>
			<array/>
			<key>runOnlyForDeploymentPostprocessing</key>
			<string>0</string>
			<key>shellPath</key>
			<string>/bin/sh</string>
			<key>shellScript</key>
			<string>"${SRCROOT}/Pods/Target Support Files/Pods-AlarmCharm/Pods-AlarmCharm-frameworks.sh"
</string>
			<key>showEnvVarsInLog</key>
			<string>0</string>
		</dict>
		<key>D0925467B465A91238C25752</key>
		<dict>
			<key>fileRef</key>
			<string>B047D8246634A22BD8CB61CE</string>
			<key>isa</key>
			<string>PBXBuildFile</string>
		</dict>
		<key>D24891C47D413E26C176FB52</key>
		<dict>
			<key>buildActionMask</key>
			<string>2147483647</string>
			<key>files</key>
			<array/>
			<key>inputPaths</key>
			<array/>
			<key>isa</key>
			<string>PBXShellScriptBuildPhase</string>
			<key>name</key>
			<string>&#128230; Check Pods Manifest.lock</string>
			<key>outputPaths</key>
			<array/>
			<key>runOnlyForDeploymentPostprocessing</key>
			<string>0</string>
			<key>shellPath</key>
			<string>/bin/sh</string>
			<key>shellScript</key>
			<string>diff "${PODS_ROOT}/../Podfile.lock" "${PODS_ROOT}/Manifest.lock" &gt; /dev/null
if [[ $? != 0 ]] ; then
    cat &lt;&lt; EOM
error: The sandbox is not in sync with the Podfile.lock. Run 'pod install' or update your CocoaPods installation.
EOM
    exit 1
fi
</string>
			<key>showEnvVarsInLog</key>
			<string>0</string>
		</dict>
	</dict>
	<key>rootObject</key>
	<string>30DF3F381CE6789800910E9F</string>
</dict>
</plist>
